
Microsoft Visual Studio Solution File, Format Version 12.00
# Visual Studio Version 16
VisualStudioVersion = 16.0.31313.79
MinimumVisualStudioVersion = 10.0.40219.1
Project("{FAE04EC0-301F-11D3-BF4B-00C04F79EFBC}") = "TestApplication", "TestApplication\TestApplication.csproj", "{C8483193-91AA-4CA7-A0D6-E5E4990D452A}"
EndProject
Project("{FAE04EC0-301F-11D3-BF4B-00C04F79EFBC}") = "DapperRepositoryLib", "DapperRepositoryLib\DapperRepositoryLib.csproj", "{4D18447B-C45B-4053-8430-F4D64D38D707}"
EndProject
Global
	GlobalSection(SolutionConfigurationPlatforms) = preSolution
		Debug|Any CPU = Debug|Any CPU
		Release|Any CPU = Release|Any CPU
	EndGlobalSection
	GlobalSection(ProjectConfigurationPlatforms) = postSolution
		{C8483193-91AA-4CA7-A0D6-E5E4990D452A}.Debug|Any CPU.ActiveCfg = Debug|Any CPU
		{C8483193-91AA-4CA7-A0D6-E5E4990D452A}.Debug|Any CPU.Build.0 = Debug|Any CPU
		{C8483193-91AA-4CA7-A0D6-E5E4990D452A}.Release|Any CPU.ActiveCfg = Release|Any CPU
		{C8483193-91AA-4CA7-A0D6-E5E4990D452A}.Release|Any CPU.Build.0 = Release|Any CPU
		{4D18447B-C45B-4053-8430-F4D64D38D707}.Debug|Any CPU.ActiveCfg = Debug|Any CPU
		{4D18447B-C45B-4053-8430-F4D64D38D707}.Debug|Any CPU.Build.0 = Debug|Any CPU
		{4D18447B-C45B-4053-8430-F4D64D38D707}.Release|Any CPU.ActiveCfg = Release|Any CPU
		{4D18447B-C45B-4053-8430-F4D64D38D707}.Release|Any CPU.Build.0 = Release|Any CPU
	EndGlobalSection
	GlobalSection(SolutionProperties) = preSolution
		HideSolutionNode = FALSE
	EndGlobalSection
	GlobalSection(ExtensibilityGlobals) = postSolution
		SolutionGuid = {514EC624-EF7D-4D20-8DF7-212853A1013B}
	EndGlobalSection
EndGlobal
